
Microsoft Visual Studio Solution File, Format Version 12.00
# Visual Studio Version 17
VisualStudioVersion = 17.11.35327.3
MinimumVisualStudioVersion = 10.0.40219.1
Project("{FAE04EC0-301F-11D3-BF4B-00C04F79EFBC}") = "WebQuanLySuKienAmNhac", "WebQuanLySuKienAmNhac\WebQuanLySuKienAmNhac.csproj", "{9A448BF8-F897-4E62-A9ED-C4C3558722F4}"
EndProject
Global
	GlobalSection(SolutionConfigurationPlatforms) = preSolution
		Debug|Any CPU = Debug|Any CPU
		Release|Any CPU = Release|Any CPU
	EndGlobalSection
	GlobalSection(ProjectConfigurationPlatforms) = postSolution
		{9A448BF8-F897-4E62-A9ED-C4C3558722F4}.Debug|Any CPU.ActiveCfg = Debug|Any CPU
		{9A448BF8-F897-4E62-A9ED-C4C3558722F4}.Debug|Any CPU.Build.0 = Debug|Any CPU
		{9A448BF8-F897-4E62-A9ED-C4C3558722F4}.Release|Any CPU.ActiveCfg = Release|Any CPU
		{9A448BF8-F897-4E62-A9ED-C4C3558722F4}.Release|Any CPU.Build.0 = Release|Any CPU
	EndGlobalSection
	GlobalSection(SolutionProperties) = preSolution
		HideSolutionNode = FALSE
	EndGlobalSection
	GlobalSection(ExtensibilityGlobals) = postSolution
		SolutionGuid = {59B6DC6B-514A-4430-B85E-D89AB1E72796}
	EndGlobalSection
EndGlobal
