
Microsoft Visual Studio Solution File, Format Version 12.00
# Visual Studio Version 17
VisualStudioVersion = 17.11.35327.3
MinimumVisualStudioVersion = 10.0.40219.1
Project("{FAE04EC0-301F-11D3-BF4B-00C04F79EFBC}") = "NetCoreMVCLab07", "NetCoreMVCLab07\NetCoreMVCLab07.csproj", "{D80EC36F-6D9C-43CD-97F8-CBCAF83C1A87}"
EndProject
Global
	GlobalSection(SolutionConfigurationPlatforms) = preSolution
		Debug|Any CPU = Debug|Any CPU
		Release|Any CPU = Release|Any CPU
	EndGlobalSection
	GlobalSection(ProjectConfigurationPlatforms) = postSolution
		{D80EC36F-6D9C-43CD-97F8-CBCAF83C1A87}.Debug|Any CPU.ActiveCfg = Debug|Any CPU
		{D80EC36F-6D9C-43CD-97F8-CBCAF83C1A87}.Debug|Any CPU.Build.0 = Debug|Any CPU
		{D80EC36F-6D9C-43CD-97F8-CBCAF83C1A87}.Release|Any CPU.ActiveCfg = Release|Any CPU
		{D80EC36F-6D9C-43CD-97F8-CBCAF83C1A87}.Release|Any CPU.Build.0 = Release|Any CPU
	EndGlobalSection
	GlobalSection(SolutionProperties) = preSolution
		HideSolutionNode = FALSE
	EndGlobalSection
	GlobalSection(ExtensibilityGlobals) = postSolution
		SolutionGuid = {2BB3E776-2BD4-4670-9687-099744B1DA14}
	EndGlobalSection
EndGlobal
