
Microsoft Visual Studio Solution File, Format Version 12.00
# Visual Studio Version 17
VisualStudioVersion = 17.11.35327.3
MinimumVisualStudioVersion = 10.0.40219.1
Project("{FAE04EC0-301F-11D3-BF4B-00C04F79EFBC}") = "Sesson11.WebAPI", "Sesson11.WebAPI\Sesson11.WebAPI.csproj", "{6BC2F459-0F68-4572-A03A-332880AAC283}"
EndProject
Global
	GlobalSection(SolutionConfigurationPlatforms) = preSolution
		Debug|Any CPU = Debug|Any CPU
		Release|Any CPU = Release|Any CPU
	EndGlobalSection
	GlobalSection(ProjectConfigurationPlatforms) = postSolution
		{6BC2F459-0F68-4572-A03A-332880AAC283}.Debug|Any CPU.ActiveCfg = Debug|Any CPU
		{6BC2F459-0F68-4572-A03A-332880AAC283}.Debug|Any CPU.Build.0 = Debug|Any CPU
		{6BC2F459-0F68-4572-A03A-332880AAC283}.Release|Any CPU.ActiveCfg = Release|Any CPU
		{6BC2F459-0F68-4572-A03A-332880AAC283}.Release|Any CPU.Build.0 = Release|Any CPU
	EndGlobalSection
	GlobalSection(SolutionProperties) = preSolution
		HideSolutionNode = FALSE
	EndGlobalSection
	GlobalSection(ExtensibilityGlobals) = postSolution
		SolutionGuid = {1578509E-0C9C-4C53-894B-699D6BDA09B6}
	EndGlobalSection
EndGlobal
