
Microsoft Visual Studio Solution File, Format Version 12.00
# Visual Studio Version 17
VisualStudioVersion = 17.6.33723.286
MinimumVisualStudioVersion = 10.0.40219.1
Project("{FAE04EC0-301F-11D3-BF4B-00C04F79EFBC}") = "LAB1", "LAB1\LAB1.csproj", "{C6D26A41-6B62-4778-8944-24F20D5CEECD}"
EndProject
Global
	GlobalSection(SolutionConfigurationPlatforms) = preSolution
		Debug|Any CPU = Debug|Any CPU
		Release|Any CPU = Release|Any CPU
	EndGlobalSection
	GlobalSection(ProjectConfigurationPlatforms) = postSolution
		{C6D26A41-6B62-4778-8944-24F20D5CEECD}.Debug|Any CPU.ActiveCfg = Debug|Any CPU
		{C6D26A41-6B62-4778-8944-24F20D5CEECD}.Debug|Any CPU.Build.0 = Debug|Any CPU
		{C6D26A41-6B62-4778-8944-24F20D5CEECD}.Release|Any CPU.ActiveCfg = Release|Any CPU
		{C6D26A41-6B62-4778-8944-24F20D5CEECD}.Release|Any CPU.Build.0 = Release|Any CPU
	EndGlobalSection
	GlobalSection(SolutionProperties) = preSolution
		HideSolutionNode = FALSE
	EndGlobalSection
	GlobalSection(ExtensibilityGlobals) = postSolution
		SolutionGuid = {C500346E-24FA-4111-AE68-714A05BAC001}
	EndGlobalSection
EndGlobal
